
Microsoft Visual Studio Solution File, Format Version 12.00
# Visual Studio Version 17
VisualStudioVersion = 17.7.34024.191
MinimumVisualStudioVersion = 10.0.40219.1
Project("{FAE04EC0-301F-11D3-BF4B-00C04F79EFBC}") = "RetoTecnicoEscafandra", "RetoTecnicoEscafandra\RetoTecnicoEscafandra.csproj", "{C492631D-59BF-4BFD-9A24-B442F69B228B}"
EndProject
Global
	GlobalSection(SolutionConfigurationPlatforms) = preSolution
		Debug|Any CPU = Debug|Any CPU
		Release|Any CPU = Release|Any CPU
	EndGlobalSection
	GlobalSection(ProjectConfigurationPlatforms) = postSolution
		{C492631D-59BF-4BFD-9A24-B442F69B228B}.Debug|Any CPU.ActiveCfg = Debug|Any CPU
		{C492631D-59BF-4BFD-9A24-B442F69B228B}.Debug|Any CPU.Build.0 = Debug|Any CPU
		{C492631D-59BF-4BFD-9A24-B442F69B228B}.Release|Any CPU.ActiveCfg = Release|Any CPU
		{C492631D-59BF-4BFD-9A24-B442F69B228B}.Release|Any CPU.Build.0 = Release|Any CPU
	EndGlobalSection
	GlobalSection(SolutionProperties) = preSolution
		HideSolutionNode = FALSE
	EndGlobalSection
	GlobalSection(ExtensibilityGlobals) = postSolution
		SolutionGuid = {221280D4-301A-4A03-B244-CB8CF036F23A}
	EndGlobalSection
EndGlobal
